
Microsoft Visual Studio Solution File, Format Version 12.00
# Visual Studio Version 17
VisualStudioVersion = 17.1.32228.430
MinimumVisualStudioVersion = 10.0.40219.1
Project("{FAE04EC0-301F-11D3-BF4B-00C04F79EFBC}") = "Repositorio_C_Sharp", "Repositorio_C_Sharp\Repositorio_C_Sharp.csproj", "{76D7FDA7-B71A-4560-81DB-B925CCCA87CF}"
EndProject
Global
	GlobalSection(SolutionConfigurationPlatforms) = preSolution
		Debug|Any CPU = Debug|Any CPU
		Release|Any CPU = Release|Any CPU
	EndGlobalSection
	GlobalSection(ProjectConfigurationPlatforms) = postSolution
		{76D7FDA7-B71A-4560-81DB-B925CCCA87CF}.Debug|Any CPU.ActiveCfg = Debug|Any CPU
		{76D7FDA7-B71A-4560-81DB-B925CCCA87CF}.Debug|Any CPU.Build.0 = Debug|Any CPU
		{76D7FDA7-B71A-4560-81DB-B925CCCA87CF}.Release|Any CPU.ActiveCfg = Release|Any CPU
		{76D7FDA7-B71A-4560-81DB-B925CCCA87CF}.Release|Any CPU.Build.0 = Release|Any CPU
	EndGlobalSection
	GlobalSection(SolutionProperties) = preSolution
		HideSolutionNode = FALSE
	EndGlobalSection
	GlobalSection(ExtensibilityGlobals) = postSolution
		SolutionGuid = {55159769-C4EA-4AF3-82D9-40FF0A40223F}
	EndGlobalSection
EndGlobal
